dependencies:
  bluepad32:
    component_hash: 493be6bb94e6362146bea8f6ae1b02cd8f655aa3e7ef1b9471632fb349e60a2a
    source:
      git: https://github.com/mdvorak/bluepad32.git
      path: src/components/bluepad32
      type: git
    version: 571f7874afe97cc7eb787b41fdee08b56395f60e
  btstack:
    component_hash: null
    source:
      path: C:\Users\mikee\Workspace\skidsteer-firmware\external\components\btstack
      type: local
    version: '*'
  cmd_nvs:
    component_hash: null
    source:
      path: C:\Users\mikee\Workspace\skidsteer-firmware\external\components\cmd_nvs
      type: local
    version: '*'
  cmd_system:
    component_hash: null
    source:
      path: C:\Users\mikee\Workspace\skidsteer-firmware\external\components\cmd_system
      type: local
    version: '*'
  espressif/button:
    component_hash: 1f5297fe16f0ee988dbb14b6f4c91782fe2baf85025bb15cc1e0093edd3fb2ee
    source:
      type: service
    version: 3.2.0
  espressif/cmake_utilities:
    component_hash: 351350613ceafba240b761b4ea991e0f231ac7a9f59a9ee901f751bddc0bb18f
    source:
      type: service
    version: 0.5.3
  espressif/led_strip:
    component_hash: 67d2744208e9c12d8b1992d21c979396c1726e57cb7e35e7c171c515be20f8ea
    source:
      storage_url: file:///C:/Users/mikee/.espressif/registry
      type: service
    version: 2.5.3
  idf:
    component_hash: null
    source:
      type: idf
    version: 5.2.1
  servo:
    component_hash: a1bbe82ac690876fc8da9c0af8d65e2924e59686560563479f11d87a03454dcb
    source:
      git: https://github.com/espressif/esp-iot-solution.git
      path: components/motor/servo
      type: git
    version: 5def8ba85aeb16cc3920898aff90e56a4968ac1a
manifest_hash: 0c21ed01865de9be7b7a067db63d4d58c91ffa857b52cb004d588aa65121474e
target: esp32
version: 1.0.0
