dependencies:
  bluepad32:
    component_hash: 785b449fabc17d2c68bbcacd359b762d567d2d0edb9b7f3e998c4c5480a34a9b
    source:
      git: https://github.com/ricardoquesada/bluepad32.git
      path: src/components/bluepad32
      type: git
    version: 7e13707891a960c1bf56ae2272fbbd3960841a41
  btstack:
    component_hash: null
    source:
      path: C:\Users\mikee\Workspace\skidsteer-firmware\external\components\btstack
      type: local
    version: '*'
  cmd_nvs:
    component_hash: null
    source:
      path: C:\Users\mikee\Workspace\skidsteer-firmware\external\components\cmd_nvs
      type: local
    version: '*'
  cmd_system:
    component_hash: null
    source:
      path: C:\Users\mikee\Workspace\skidsteer-firmware\external\components\cmd_system
      type: local
    version: '*'
  espressif/button:
    component_hash: 1f5297fe16f0ee988dbb14b6f4c91782fe2baf85025bb15cc1e0093edd3fb2ee
    source:
      type: service
    version: 3.2.0
  espressif/cmake_utilities:
    component_hash: 351350613ceafba240b761b4ea991e0f231ac7a9f59a9ee901f751bddc0bb18f
    source:
      type: service
    version: 0.5.3
  espressif/led_strip:
    component_hash: 67d2744208e9c12d8b1992d21c979396c1726e57cb7e35e7c171c515be20f8ea
    source:
      storage_url: file:///C:/Users/mikee/.espressif/registry
      type: service
    version: 2.5.3
  idf:
    component_hash: null
    source:
      type: idf
    version: 5.2.1
  servo:
    component_hash: a1bbe82ac690876fc8da9c0af8d65e2924e59686560563479f11d87a03454dcb
    source:
      git: https://github.com/espressif/esp-iot-solution.git
      path: components/motor/servo
      type: git
    version: 5def8ba85aeb16cc3920898aff90e56a4968ac1a
manifest_hash: e040641bc1e84c07874bd4ab0d1afc3a8492e86003606ad8a3b46d8260f62089
target: esp32
version: 1.0.0
