dependencies:
  bluepad32:
    component_hash: 493be6bb94e6362146bea8f6ae1b02cd8f655aa3e7ef1b9471632fb349e60a2a
    source:
      git: https://github.com/mdvorak/bluepad32.git
      path: src/components/bluepad32
      type: git
    version: 571f7874afe97cc7eb787b41fdee08b56395f60e
  btstack:
    component_hash: null
    source:
      path: C:\Users\mikee\Workspace\skidsteer-firmware\external\components\btstack
      type: local
    version: '*'
  cmd_nvs:
    component_hash: null
    source:
      path: C:\Users\mikee\Workspace\skidsteer-firmware\external\components\cmd_nvs
      type: local
    version: '*'
  cmd_system:
    component_hash: null
    source:
      path: C:\Users\mikee\Workspace\skidsteer-firmware\external\components\cmd_system
      type: local
    version: '*'
  espressif/button:
    component_hash: 1f5297fe16f0ee988dbb14b6f4c91782fe2baf85025bb15cc1e0093edd3fb2ee
    source:
      type: service
    version: 3.2.0
  espressif/cmake_utilities:
    component_hash: 351350613ceafba240b761b4ea991e0f231ac7a9f59a9ee901f751bddc0bb18f
    source:
      type: service
    version: 0.5.3
  idf:
    component_hash: null
    source:
      type: idf
    version: 5.2.1
manifest_hash: 8044427ac7400ec2dd2bf9513c4a424bc9e0e61c5f8ea42e9f9530c7c956deb0
target: esp32
version: 1.0.0
